
Microsoft Visual Studio Solution File, Format Version 12.00
# Visual Studio Version 17
VisualStudioVersion = 17.2.32516.85
MinimumVisualStudioVersion = 10.0.40219.1
Project("{FAE04EC0-301F-11D3-BF4B-00C04F79EFBC}") = "Hehe", "Hehe\Hehe.csproj", "{DD628961-76EF-47B0-97B5-DE428CDCCAAE}"
EndProject
Global
	GlobalSection(SolutionConfigurationPlatforms) = preSolution
		Debug|Any CPU = Debug|Any CPU
		Release|Any CPU = Release|Any CPU
	EndGlobalSection
	GlobalSection(ProjectConfigurationPlatforms) = postSolution
		{DD628961-76EF-47B0-97B5-DE428CDCCAAE}.Debug|Any CPU.ActiveCfg = Debug|Any CPU
		{DD628961-76EF-47B0-97B5-DE428CDCCAAE}.Debug|Any CPU.Build.0 = Debug|Any CPU
		{DD628961-76EF-47B0-97B5-DE428CDCCAAE}.Release|Any CPU.ActiveCfg = Release|Any CPU
		{DD628961-76EF-47B0-97B5-DE428CDCCAAE}.Release|Any CPU.Build.0 = Release|Any CPU
	EndGlobalSection
	GlobalSection(SolutionProperties) = preSolution
		HideSolutionNode = FALSE
	EndGlobalSection
	GlobalSection(ExtensibilityGlobals) = postSolution
		SolutionGuid = {90B4289F-5DB6-43C3-96E1-134B1EF0BC2C}
	EndGlobalSection
EndGlobal
